
Microsoft Visual Studio Solution File, Format Version 12.00
# Visual Studio Version 17
VisualStudioVersion = 17.0.31903.59
MinimumVisualStudioVersion = 10.0.40219.1
Project("{FAE04EC0-301F-11D3-BF4B-00C04F79EFBC}") = "Cinema.Api", "src\Cinema.Api\Cinema.Api.csproj", "{A1111111-1111-1111-1111-111111111111}"
EndProject
Project("{FAE04EC0-301F-11D3-BF4B-00C04F79EFBC}") = "Cinema.GrpcService", "src\Cinema.GrpcService\Cinema.GrpcService.csproj", "{A2222222-2222-2222-2222-222222222222}"
EndProject
Project("{FAE04EC0-301F-11D3-BF4B-00C04F79EFBC}") = "Cinema.Domain", "src\Cinema.Domain\Cinema.Domain.csproj", "{B1111111-1111-1111-1111-111111111111}"
EndProject
Project("{FAE04EC0-301F-11D3-BF4B-00C04F79EFBC}") = "Cinema.Application", "src\Cinema.Application\Cinema.Application.csproj", "{B2222222-2222-2222-2222-222222222222}"
EndProject
Project("{FAE04EC0-301F-11D3-BF4B-00C04F79EFBC}") = "Cinema.Contracts", "src\Cinema.Contracts\Cinema.Contracts.csproj", "{B3333333-3333-3333-3333-333333333333}"
EndProject
Project("{FAE04EC0-301F-11D3-BF4B-00C04F79EFBC}") = "Cinema.Infrastructure", "src\Cinema.Infrastructure\Cinema.Infrastructure.csproj", "{C1111111-1111-1111-1111-111111111111}"
EndProject
Project("{FAE04EC0-301F-11D3-BF4B-00C04F79EFBC}") = "Cinema.Domain.UnitTests", "tests\Cinema.Domain.UnitTests\Cinema.Domain.UnitTests.csproj", "{D1111111-1111-1111-1111-111111111111}"
EndProject
Project("{FAE04EC0-301F-11D3-BF4B-00C04F79EFBC}") = "Cinema.Application.UnitTests", "tests\Cinema.Application.UnitTests\Cinema.Application.UnitTests.csproj", "{D2222222-2222-2222-2222-222222222222}"
EndProject
Project("{FAE04EC0-301F-11D3-BF4B-00C04F79EFBC}") = "Cinema.Api.IntegrationTests", "tests\Cinema.Api.IntegrationTests\Cinema.Api.IntegrationTests.csproj", "{D3333333-3333-3333-3333-333333333333}"
EndProject
Project("{2150E333-8FDC-42A3-9474-1A3956D46DE8}") = "src", "src", "{827E0CD3-B72D-47B6-A68D-7590B98EB39B}"
EndProject
Project("{2150E333-8FDC-42A3-9474-1A3956D46DE8}") = "tests", "tests", "{E1111111-1111-1111-1111-111111111111}"
EndProject
Project("{FAE04EC0-301F-11D3-BF4B-00C04F79EFBC}") = "Cinema.ReadService", "src\Cinema.ReadService\Cinema.ReadService.csproj", "{81888E8E-840E-434D-AC6D-498996DF3308}"
EndProject
Project("{FAE04EC0-301F-11D3-BF4B-00C04F79EFBC}") = "Cinema.ApiGateway", "src\Cinema.ApiGateway\Cinema.ApiGateway.csproj", "{B43F882C-9AB0-4997-ACA4-C0BCC707C339}"
EndProject
Project("{FAE04EC0-301F-11D3-BF4B-00C04F79EFBC}") = "Cinema.LoadBalancer", "src\Cinema.LoadBalancer\Cinema.LoadBalancer.csproj", "{654D72F0-FE42-4A39-AF1E-A6433D806353}"
EndProject
Project("{FAE04EC0-301F-11D3-BF4B-00C04F79EFBC}") = "Cinema.MasterNode", "src\Cinema.MasterNode\Cinema.MasterNode.csproj", "{A0000001-0000-0000-0000-000000000001}"
EndProject
Project("{FAE04EC0-301F-11D3-BF4B-00C04F79EFBC}") = "Cinema.Infrastructure.UnitTests", "tests\Cinema.Infrastructure.UnitTests\Cinema.Infrastructure.UnitTests.csproj", "{D4444444-4444-4444-4444-444444444444}"
EndProject
Project("{FAE04EC0-301F-11D3-BF4B-00C04F79EFBC}") = "Cinema.MasterNode.UnitTests", "tests\Cinema.MasterNode.UnitTests\Cinema.MasterNode.UnitTests.csproj", "{D5555555-5555-5555-5555-555555555555}"
EndProject
Global
	GlobalSection(SolutionConfigurationPlatforms) = preSolution
		Debug|Any CPU = Debug|Any CPU
		Debug|x64 = Debug|x64
		Debug|x86 = Debug|x86
		Release|Any CPU = Release|Any CPU
		Release|x64 = Release|x64
		Release|x86 = Release|x86
	EndGlobalSection
	GlobalSection(ProjectConfigurationPlatforms) = postSolution
		{A1111111-1111-1111-1111-111111111111}.Debug|Any CPU.ActiveCfg = Debug|Any CPU
		{A1111111-1111-1111-1111-111111111111}.Debug|Any CPU.Build.0 = Debug|Any CPU
		{A1111111-1111-1111-1111-111111111111}.Debug|x64.ActiveCfg = Debug|Any CPU
		{A1111111-1111-1111-1111-111111111111}.Debug|x64.Build.0 = Debug|Any CPU
		{A1111111-1111-1111-1111-111111111111}.Debug|x86.ActiveCfg = Debug|Any CPU
		{A1111111-1111-1111-1111-111111111111}.Debug|x86.Build.0 = Debug|Any CPU
		{A1111111-1111-1111-1111-111111111111}.Release|Any CPU.ActiveCfg = Release|Any CPU
		{A1111111-1111-1111-1111-111111111111}.Release|Any CPU.Build.0 = Release|Any CPU
		{A1111111-1111-1111-1111-111111111111}.Release|x64.ActiveCfg = Release|Any CPU
		{A1111111-1111-1111-1111-111111111111}.Release|x64.Build.0 = Release|Any CPU
		{A1111111-1111-1111-1111-111111111111}.Release|x86.ActiveCfg = Release|Any CPU
		{A1111111-1111-1111-1111-111111111111}.Release|x86.Build.0 = Release|Any CPU
		{A2222222-2222-2222-2222-222222222222}.Debug|Any CPU.ActiveCfg = Debug|Any CPU
		{A2222222-2222-2222-2222-222222222222}.Debug|Any CPU.Build.0 = Debug|Any CPU
		{A2222222-2222-2222-2222-222222222222}.Debug|x64.ActiveCfg = Debug|Any CPU
		{A2222222-2222-2222-2222-222222222222}.Debug|x64.Build.0 = Debug|Any CPU
		{A2222222-2222-2222-2222-222222222222}.Debug|x86.ActiveCfg = Debug|Any CPU
		{A2222222-2222-2222-2222-222222222222}.Debug|x86.Build.0 = Debug|Any CPU
		{A2222222-2222-2222-2222-222222222222}.Release|Any CPU.ActiveCfg = Release|Any CPU
		{A2222222-2222-2222-2222-222222222222}.Release|Any CPU.Build.0 = Release|Any CPU
		{A2222222-2222-2222-2222-222222222222}.Release|x64.ActiveCfg = Release|Any CPU
		{A2222222-2222-2222-2222-222222222222}.Release|x64.Build.0 = Release|Any CPU
		{A2222222-2222-2222-2222-222222222222}.Release|x86.ActiveCfg = Release|Any CPU
		{A2222222-2222-2222-2222-222222222222}.Release|x86.Build.0 = Release|Any CPU
		{B1111111-1111-1111-1111-111111111111}.Debug|Any CPU.ActiveCfg = Debug|Any CPU
		{B1111111-1111-1111-1111-111111111111}.Debug|Any CPU.Build.0 = Debug|Any CPU
		{B1111111-1111-1111-1111-111111111111}.Debug|x64.ActiveCfg = Debug|Any CPU
		{B1111111-1111-1111-1111-111111111111}.Debug|x64.Build.0 = Debug|Any CPU
		{B1111111-1111-1111-1111-111111111111}.Debug|x86.ActiveCfg = Debug|Any CPU
		{B1111111-1111-1111-1111-111111111111}.Debug|x86.Build.0 = Debug|Any CPU
		{B1111111-1111-1111-1111-111111111111}.Release|Any CPU.ActiveCfg = Release|Any CPU
		{B1111111-1111-1111-1111-111111111111}.Release|Any CPU.Build.0 = Release|Any CPU
		{B1111111-1111-1111-1111-111111111111}.Release|x64.ActiveCfg = Release|Any CPU
		{B1111111-1111-1111-1111-111111111111}.Release|x64.Build.0 = Release|Any CPU
		{B1111111-1111-1111-1111-111111111111}.Release|x86.ActiveCfg = Release|Any CPU
		{B1111111-1111-1111-1111-111111111111}.Release|x86.Build.0 = Release|Any CPU
		{B2222222-2222-2222-2222-222222222222}.Debug|Any CPU.ActiveCfg = Debug|Any CPU
		{B2222222-2222-2222-2222-222222222222}.Debug|Any CPU.Build.0 = Debug|Any CPU
		{B2222222-2222-2222-2222-222222222222}.Debug|x64.ActiveCfg = Debug|Any CPU
		{B2222222-2222-2222-2222-222222222222}.Debug|x64.Build.0 = Debug|Any CPU
		{B2222222-2222-2222-2222-222222222222}.Debug|x86.ActiveCfg = Debug|Any CPU
		{B2222222-2222-2222-2222-222222222222}.Debug|x86.Build.0 = Debug|Any CPU
		{B2222222-2222-2222-2222-222222222222}.Release|Any CPU.ActiveCfg = Release|Any CPU
		{B2222222-2222-2222-2222-222222222222}.Release|Any CPU.Build.0 = Release|Any CPU
		{B2222222-2222-2222-2222-222222222222}.Release|x64.ActiveCfg = Release|Any CPU
		{B2222222-2222-2222-2222-222222222222}.Release|x64.Build.0 = Release|Any CPU
		{B2222222-2222-2222-2222-222222222222}.Release|x86.ActiveCfg = Release|Any CPU
		{B2222222-2222-2222-2222-222222222222}.Release|x86.Build.0 = Release|Any CPU
		{B3333333-3333-3333-3333-333333333333}.Debug|Any CPU.ActiveCfg = Debug|Any CPU
		{B3333333-3333-3333-3333-333333333333}.Debug|Any CPU.Build.0 = Debug|Any CPU
		{B3333333-3333-3333-3333-333333333333}.Debug|x64.ActiveCfg = Debug|Any CPU
		{B3333333-3333-3333-3333-333333333333}.Debug|x64.Build.0 = Debug|Any CPU
		{B3333333-3333-3333-3333-333333333333}.Debug|x86.ActiveCfg = Debug|Any CPU
		{B3333333-3333-3333-3333-333333333333}.Debug|x86.Build.0 = Debug|Any CPU
		{B3333333-3333-3333-3333-333333333333}.Release|Any CPU.ActiveCfg = Release|Any CPU
		{B3333333-3333-3333-3333-333333333333}.Release|Any CPU.Build.0 = Release|Any CPU
		{B3333333-3333-3333-3333-333333333333}.Release|x64.ActiveCfg = Release|Any CPU
		{B3333333-3333-3333-3333-333333333333}.Release|x64.Build.0 = Release|Any CPU
		{B3333333-3333-3333-3333-333333333333}.Release|x86.ActiveCfg = Release|Any CPU
		{B3333333-3333-3333-3333-333333333333}.Release|x86.Build.0 = Release|Any CPU
		{C1111111-1111-1111-1111-111111111111}.Debug|Any CPU.ActiveCfg = Debug|Any CPU
		{C1111111-1111-1111-1111-111111111111}.Debug|Any CPU.Build.0 = Debug|Any CPU
		{C1111111-1111-1111-1111-111111111111}.Debug|x64.ActiveCfg = Debug|Any CPU
		{C1111111-1111-1111-1111-111111111111}.Debug|x64.Build.0 = Debug|Any CPU
		{C1111111-1111-1111-1111-111111111111}.Debug|x86.ActiveCfg = Debug|Any CPU
		{C1111111-1111-1111-1111-111111111111}.Debug|x86.Build.0 = Debug|Any CPU
		{C1111111-1111-1111-1111-111111111111}.Release|Any CPU.ActiveCfg = Release|Any CPU
		{C1111111-1111-1111-1111-111111111111}.Release|Any CPU.Build.0 = Release|Any CPU
		{C1111111-1111-1111-1111-111111111111}.Release|x64.ActiveCfg = Release|Any CPU
		{C1111111-1111-1111-1111-111111111111}.Release|x64.Build.0 = Release|Any CPU
		{C1111111-1111-1111-1111-111111111111}.Release|x86.ActiveCfg = Release|Any CPU
		{C1111111-1111-1111-1111-111111111111}.Release|x86.Build.0 = Release|Any CPU
		{D1111111-1111-1111-1111-111111111111}.Debug|Any CPU.ActiveCfg = Debug|Any CPU
		{D1111111-1111-1111-1111-111111111111}.Debug|Any CPU.Build.0 = Debug|Any CPU
		{D1111111-1111-1111-1111-111111111111}.Debug|x64.ActiveCfg = Debug|Any CPU
		{D1111111-1111-1111-1111-111111111111}.Debug|x64.Build.0 = Debug|Any CPU
		{D1111111-1111-1111-1111-111111111111}.Debug|x86.ActiveCfg = Debug|Any CPU
		{D1111111-1111-1111-1111-111111111111}.Debug|x86.Build.0 = Debug|Any CPU
		{D1111111-1111-1111-1111-111111111111}.Release|Any CPU.ActiveCfg = Release|Any CPU
		{D1111111-1111-1111-1111-111111111111}.Release|Any CPU.Build.0 = Release|Any CPU
		{D1111111-1111-1111-1111-111111111111}.Release|x64.ActiveCfg = Release|Any CPU
		{D1111111-1111-1111-1111-111111111111}.Release|x64.Build.0 = Release|Any CPU
		{D1111111-1111-1111-1111-111111111111}.Release|x86.ActiveCfg = Release|Any CPU
		{D1111111-1111-1111-1111-111111111111}.Release|x86.Build.0 = Release|Any CPU
		{D2222222-2222-2222-2222-222222222222}.Debug|Any CPU.ActiveCfg = Debug|Any CPU
		{D2222222-2222-2222-2222-222222222222}.Debug|Any CPU.Build.0 = Debug|Any CPU
		{D2222222-2222-2222-2222-222222222222}.Debug|x64.ActiveCfg = Debug|Any CPU
		{D2222222-2222-2222-2222-222222222222}.Debug|x64.Build.0 = Debug|Any CPU
		{D2222222-2222-2222-2222-222222222222}.Debug|x86.ActiveCfg = Debug|Any CPU
		{D2222222-2222-2222-2222-222222222222}.Debug|x86.Build.0 = Debug|Any CPU
		{D2222222-2222-2222-2222-222222222222}.Release|Any CPU.ActiveCfg = Release|Any CPU
		{D2222222-2222-2222-2222-222222222222}.Release|Any CPU.Build.0 = Release|Any CPU
		{D2222222-2222-2222-2222-222222222222}.Release|x64.ActiveCfg = Release|Any CPU
		{D2222222-2222-2222-2222-222222222222}.Release|x64.Build.0 = Release|Any CPU
		{D2222222-2222-2222-2222-222222222222}.Release|x86.ActiveCfg = Release|Any CPU
		{D2222222-2222-2222-2222-222222222222}.Release|x86.Build.0 = Release|Any CPU
		{D3333333-3333-3333-3333-333333333333}.Debug|Any CPU.ActiveCfg = Debug|Any CPU
		{D3333333-3333-3333-3333-333333333333}.Debug|Any CPU.Build.0 = Debug|Any CPU
		{D3333333-3333-3333-3333-333333333333}.Debug|x64.ActiveCfg = Debug|Any CPU
		{D3333333-3333-3333-3333-333333333333}.Debug|x64.Build.0 = Debug|Any CPU
		{D3333333-3333-3333-3333-333333333333}.Debug|x86.ActiveCfg = Debug|Any CPU
		{D3333333-3333-3333-3333-333333333333}.Debug|x86.Build.0 = Debug|Any CPU
		{D3333333-3333-3333-3333-333333333333}.Release|Any CPU.ActiveCfg = Release|Any CPU
		{D3333333-3333-3333-3333-333333333333}.Release|Any CPU.Build.0 = Release|Any CPU
		{D3333333-3333-3333-3333-333333333333}.Release|x64.ActiveCfg = Release|Any CPU
		{D3333333-3333-3333-3333-333333333333}.Release|x64.Build.0 = Release|Any CPU
		{D3333333-3333-3333-3333-333333333333}.Release|x86.ActiveCfg = Release|Any CPU
		{D3333333-3333-3333-3333-333333333333}.Release|x86.Build.0 = Release|Any CPU
		{81888E8E-840E-434D-AC6D-498996DF3308}.Debug|Any CPU.ActiveCfg = Debug|Any CPU
		{81888E8E-840E-434D-AC6D-498996DF3308}.Debug|Any CPU.Build.0 = Debug|Any CPU
		{81888E8E-840E-434D-AC6D-498996DF3308}.Debug|x64.ActiveCfg = Debug|Any CPU
		{81888E8E-840E-434D-AC6D-498996DF3308}.Debug|x64.Build.0 = Debug|Any CPU
		{81888E8E-840E-434D-AC6D-498996DF3308}.Debug|x86.ActiveCfg = Debug|Any CPU
		{81888E8E-840E-434D-AC6D-498996DF3308}.Debug|x86.Build.0 = Debug|Any CPU
		{81888E8E-840E-434D-AC6D-498996DF3308}.Release|Any CPU.ActiveCfg = Release|Any CPU
		{81888E8E-840E-434D-AC6D-498996DF3308}.Release|Any CPU.Build.0 = Release|Any CPU
		{81888E8E-840E-434D-AC6D-498996DF3308}.Release|x64.ActiveCfg = Release|Any CPU
		{81888E8E-840E-434D-AC6D-498996DF3308}.Release|x64.Build.0 = Release|Any CPU
		{81888E8E-840E-434D-AC6D-498996DF3308}.Release|x86.ActiveCfg = Release|Any CPU
		{81888E8E-840E-434D-AC6D-498996DF3308}.Release|x86.Build.0 = Release|Any CPU
		{B43F882C-9AB0-4997-ACA4-C0BCC707C339}.Debug|Any CPU.ActiveCfg = Debug|Any CPU
		{B43F882C-9AB0-4997-ACA4-C0BCC707C339}.Debug|Any CPU.Build.0 = Debug|Any CPU
		{B43F882C-9AB0-4997-ACA4-C0BCC707C339}.Debug|x64.ActiveCfg = Debug|Any CPU
		{B43F882C-9AB0-4997-ACA4-C0BCC707C339}.Debug|x64.Build.0 = Debug|Any CPU
		{B43F882C-9AB0-4997-ACA4-C0BCC707C339}.Debug|x86.ActiveCfg = Debug|Any CPU
		{B43F882C-9AB0-4997-ACA4-C0BCC707C339}.Debug|x86.Build.0 = Debug|Any CPU
		{B43F882C-9AB0-4997-ACA4-C0BCC707C339}.Release|Any CPU.ActiveCfg = Release|Any CPU
		{B43F882C-9AB0-4997-ACA4-C0BCC707C339}.Release|Any CPU.Build.0 = Release|Any CPU
		{B43F882C-9AB0-4997-ACA4-C0BCC707C339}.Release|x64.ActiveCfg = Release|Any CPU
		{B43F882C-9AB0-4997-ACA4-C0BCC707C339}.Release|x64.Build.0 = Release|Any CPU
		{B43F882C-9AB0-4997-ACA4-C0BCC707C339}.Release|x86.ActiveCfg = Release|Any CPU
		{B43F882C-9AB0-4997-ACA4-C0BCC707C339}.Release|x86.Build.0 = Release|Any CPU
		{654D72F0-FE42-4A39-AF1E-A6433D806353}.Debug|Any CPU.ActiveCfg = Debug|Any CPU
		{654D72F0-FE42-4A39-AF1E-A6433D806353}.Debug|Any CPU.Build.0 = Debug|Any CPU
		{654D72F0-FE42-4A39-AF1E-A6433D806353}.Debug|x64.ActiveCfg = Debug|Any CPU
		{654D72F0-FE42-4A39-AF1E-A6433D806353}.Debug|x64.Build.0 = Debug|Any CPU
		{654D72F0-FE42-4A39-AF1E-A6433D806353}.Debug|x86.ActiveCfg = Debug|Any CPU
		{654D72F0-FE42-4A39-AF1E-A6433D806353}.Debug|x86.Build.0 = Debug|Any CPU
		{654D72F0-FE42-4A39-AF1E-A6433D806353}.Release|Any CPU.ActiveCfg = Release|Any CPU
		{654D72F0-FE42-4A39-AF1E-A6433D806353}.Release|Any CPU.Build.0 = Release|Any CPU
		{654D72F0-FE42-4A39-AF1E-A6433D806353}.Release|x64.ActiveCfg = Release|Any CPU
		{654D72F0-FE42-4A39-AF1E-A6433D806353}.Release|x64.Build.0 = Release|Any CPU
		{654D72F0-FE42-4A39-AF1E-A6433D806353}.Release|x86.ActiveCfg = Release|Any CPU
		{654D72F0-FE42-4A39-AF1E-A6433D806353}.Release|x86.Build.0 = Release|Any CPU
		{A0000001-0000-0000-0000-000000000001}.Debug|Any CPU.ActiveCfg = Debug|Any CPU
		{A0000001-0000-0000-0000-000000000001}.Debug|Any CPU.Build.0 = Debug|Any CPU
		{A0000001-0000-0000-0000-000000000001}.Debug|x64.ActiveCfg = Debug|Any CPU
		{A0000001-0000-0000-0000-000000000001}.Debug|x64.Build.0 = Debug|Any CPU
		{A0000001-0000-0000-0000-000000000001}.Debug|x86.ActiveCfg = Debug|Any CPU
		{A0000001-0000-0000-0000-000000000001}.Debug|x86.Build.0 = Debug|Any CPU
		{A0000001-0000-0000-0000-000000000001}.Release|Any CPU.ActiveCfg = Release|Any CPU
		{A0000001-0000-0000-0000-000000000001}.Release|Any CPU.Build.0 = Release|Any CPU
		{A0000001-0000-0000-0000-000000000001}.Release|x64.ActiveCfg = Release|Any CPU
		{A0000001-0000-0000-0000-000000000001}.Release|x64.Build.0 = Release|Any CPU
		{A0000001-0000-0000-0000-000000000001}.Release|x86.ActiveCfg = Release|Any CPU
		{A0000001-0000-0000-0000-000000000001}.Release|x86.Build.0 = Release|Any CPU
		{D4444444-4444-4444-4444-444444444444}.Debug|Any CPU.ActiveCfg = Debug|Any CPU
		{D4444444-4444-4444-4444-444444444444}.Debug|Any CPU.Build.0 = Debug|Any CPU
		{D4444444-4444-4444-4444-444444444444}.Debug|x64.ActiveCfg = Debug|Any CPU
		{D4444444-4444-4444-4444-444444444444}.Debug|x64.Build.0 = Debug|Any CPU
		{D4444444-4444-4444-4444-444444444444}.Debug|x86.ActiveCfg = Debug|Any CPU
		{D4444444-4444-4444-4444-444444444444}.Debug|x86.Build.0 = Debug|Any CPU
		{D4444444-4444-4444-4444-444444444444}.Release|Any CPU.ActiveCfg = Release|Any CPU
		{D4444444-4444-4444-4444-444444444444}.Release|Any CPU.Build.0 = Release|Any CPU
		{D4444444-4444-4444-4444-444444444444}.Release|x64.ActiveCfg = Release|Any CPU
		{D4444444-4444-4444-4444-444444444444}.Release|x64.Build.0 = Release|Any CPU
		{D4444444-4444-4444-4444-444444444444}.Release|x86.ActiveCfg = Release|Any CPU
		{D4444444-4444-4444-4444-444444444444}.Release|x86.Build.0 = Release|Any CPU
		{D5555555-5555-5555-5555-555555555555}.Debug|Any CPU.ActiveCfg = Debug|Any CPU
		{D5555555-5555-5555-5555-555555555555}.Debug|Any CPU.Build.0 = Debug|Any CPU
		{D5555555-5555-5555-5555-555555555555}.Debug|x64.ActiveCfg = Debug|Any CPU
		{D5555555-5555-5555-5555-555555555555}.Debug|x64.Build.0 = Debug|Any CPU
		{D5555555-5555-5555-5555-555555555555}.Debug|x86.ActiveCfg = Debug|Any CPU
		{D5555555-5555-5555-5555-555555555555}.Debug|x86.Build.0 = Debug|Any CPU
		{D5555555-5555-5555-5555-555555555555}.Release|Any CPU.ActiveCfg = Release|Any CPU
		{D5555555-5555-5555-5555-555555555555}.Release|Any CPU.Build.0 = Release|Any CPU
		{D5555555-5555-5555-5555-555555555555}.Release|x64.ActiveCfg = Release|Any CPU
		{D5555555-5555-5555-5555-555555555555}.Release|x64.Build.0 = Release|Any CPU
		{D5555555-5555-5555-5555-555555555555}.Release|x86.ActiveCfg = Release|Any CPU
		{D5555555-5555-5555-5555-555555555555}.Release|x86.Build.0 = Release|Any CPU
	EndGlobalSection
	GlobalSection(SolutionProperties) = preSolution
		HideSolutionNode = FALSE
	EndGlobalSection
	GlobalSection(NestedProjects) = preSolution
		{A1111111-1111-1111-1111-111111111111} = {827E0CD3-B72D-47B6-A68D-7590B98EB39B}
		{A2222222-2222-2222-2222-222222222222} = {827E0CD3-B72D-47B6-A68D-7590B98EB39B}
		{B1111111-1111-1111-1111-111111111111} = {827E0CD3-B72D-47B6-A68D-7590B98EB39B}
		{B2222222-2222-2222-2222-222222222222} = {827E0CD3-B72D-47B6-A68D-7590B98EB39B}
		{B3333333-3333-3333-3333-333333333333} = {827E0CD3-B72D-47B6-A68D-7590B98EB39B}
		{C1111111-1111-1111-1111-111111111111} = {827E0CD3-B72D-47B6-A68D-7590B98EB39B}
		{81888E8E-840E-434D-AC6D-498996DF3308} = {827E0CD3-B72D-47B6-A68D-7590B98EB39B}
		{B43F882C-9AB0-4997-ACA4-C0BCC707C339} = {827E0CD3-B72D-47B6-A68D-7590B98EB39B}
		{654D72F0-FE42-4A39-AF1E-A6433D806353} = {827E0CD3-B72D-47B6-A68D-7590B98EB39B}
		{A0000001-0000-0000-0000-000000000001} = {827E0CD3-B72D-47B6-A68D-7590B98EB39B}
		{D1111111-1111-1111-1111-111111111111} = {E1111111-1111-1111-1111-111111111111}
		{D2222222-2222-2222-2222-222222222222} = {E1111111-1111-1111-1111-111111111111}
		{D3333333-3333-3333-3333-333333333333} = {E1111111-1111-1111-1111-111111111111}
		{D4444444-4444-4444-4444-444444444444} = {E1111111-1111-1111-1111-111111111111}
		{D5555555-5555-5555-5555-555555555555} = {E1111111-1111-1111-1111-111111111111}
	EndGlobalSection
EndGlobal
